
Microsoft Visual Studio Solution File, Format Version 12.00
# Visual Studio 15
VisualStudioVersion = 15.0.27428.2015
MinimumVisualStudioVersion = 10.0.40219.1
Project("{8BC9CEB8-8B4A-11D0-8D11-00A0C91BC942}") = "Pong_v2", "Pong_v2\Pong_v2.vcxproj", "{C876DFE3-2685-4CBC-A41E-E931C209CF9D}"
EndProject
Global
	GlobalSection(SolutionConfigurationPlatforms) = preSolution
		Debug|x64 = Debug|x64
		Debug|x86 = Debug|x86
		Release|x64 = Release|x64
		Release|x86 = Release|x86
	EndGlobalSection
	GlobalSection(ProjectConfigurationPlatforms) = postSolution
		{C876DFE3-2685-4CBC-A41E-E931C209CF9D}.Debug|x64.ActiveCfg = Debug|x64
		{C876DFE3-2685-4CBC-A41E-E931C209CF9D}.Debug|x64.Build.0 = Debug|x64
		{C876DFE3-2685-4CBC-A41E-E931C209CF9D}.Debug|x86.ActiveCfg = Debug|Win32
		{C876DFE3-2685-4CBC-A41E-E931C209CF9D}.Debug|x86.Build.0 = Debug|Win32
		{C876DFE3-2685-4CBC-A41E-E931C209CF9D}.Release|x64.ActiveCfg = Release|x64
		{C876DFE3-2685-4CBC-A41E-E931C209CF9D}.Release|x64.Build.0 = Release|x64
		{C876DFE3-2685-4CBC-A41E-E931C209CF9D}.Release|x86.ActiveCfg = Release|Win32
		{C876DFE3-2685-4CBC-A41E-E931C209CF9D}.Release|x86.Build.0 = Release|Win32
	EndGlobalSection
	GlobalSection(SolutionProperties) = preSolution
		HideSolutionNode = FALSE
	EndGlobalSection
	GlobalSection(ExtensibilityGlobals) = postSolution
		SolutionGuid = {E08BAE11-B2C2-4CBA-BBB0-0214F8EBFCF8}
	EndGlobalSection
EndGlobal
